PODS:
  - KeychainSwift (13.0.0)
  - lottie-ios (2.5.3)

DEPENDENCIES:
  - KeychainSwift
  - lottie-ios

SPEC REPOS:
  https://github.com/cocoapods/specs.git:
    - KeychainSwift
    - lottie-ios

SPEC CHECKSUMS:
  KeychainSwift: 23d6c16cbc33f20fafa30c3d783241b4b87d998c
  lottie-ios: a50d5c0160425cd4b01b852bb9578963e6d92d31

PODFILE CHECKSUM: 29725238d25124afd124370494e457201e2e4b95

COCOAPODS: 1.6.1
